
Microsoft Visual Studio Solution File, Format Version 12.00
Project("{FAE04EC0-301F-11D3-BF4B-00C04F79EFBC}") = "Sample.Abstractions", "src\Sample.Abstractions\Sample.Abstractions.csproj", "{5FB437CE-0FCF-4ABE-9104-C61A414C597A}"
EndProject
Project("{FAE04EC0-301F-11D3-BF4B-00C04F79EFBC}") = "Sample.Core", "src\Sample.Core\Sample.Core.csproj", "{83C89216-0C27-4E01-8772-5C138D65B27B}"
EndProject
Project("{FAE04EC0-301F-11D3-BF4B-00C04F79EFBC}") = "Sample.Api.Web", "src\Sample.Api.Web\Sample.Api.Web.csproj", "{93749A6E-CB3E-4C8A-B0DB-AA4476242484}"
EndProject
Project("{FAE04EC0-301F-11D3-BF4B-00C04F79EFBC}") = "Sample.Persistence", "src\Sample.Persistence\Sample.Persistence.csproj", "{CD8AA033-09C2-493B-91A7-6EE3DC35AADF}"
EndProject
Project("{FAE04EC0-301F-11D3-BF4B-00C04F79EFBC}") = "Sample.Host", "src\Sample.Host\Sample.Host.csproj", "{DA77C67D-AAAF-48DD-837E-FE1D52A91D09}"
EndProject
Project("{FAE04EC0-301F-11D3-BF4B-00C04F79EFBC}") = "Sample.Migrator", "src\Sample.Migrator\Sample.Migrator.csproj", "{E14EBF15-D364-4C78-8A80-1CE75A1DD8C8}"
EndProject
Project("{FAE04EC0-301F-11D3-BF4B-00C04F79EFBC}") = "DbLogging", "src\DbLogging\DbLogging.csproj", "{31E958E3-5937-406D-9EF1-E7182DD28041}"
EndProject
Project("{FAE04EC0-301F-11D3-BF4B-00C04F79EFBC}") = "DbLogging.Tests", "test\DbLogging.Tests\DbLogging.Tests.csproj", "{269EF430-FF0D-41C0-845E-26BECA825627}"
EndProject
Project("{2150E333-8FDC-42A3-9474-1A3956D46DE8}") = "DbLogging", "DbLogging", "{FC8E51D1-9C4E-45C7-ADD3-CA3C05D3FCF7}"
EndProject
Project("{2150E333-8FDC-42A3-9474-1A3956D46DE8}") = "Sample", "Sample", "{248FB7A1-3DFA-4DE9-96CE-DD471FEEEC20}"
EndProject
Global
	GlobalSection(SolutionConfigurationPlatforms) = preSolution
		Debug|Any CPU = Debug|Any CPU
		Release|Any CPU = Release|Any CPU
	EndGlobalSection
	GlobalSection(ProjectConfigurationPlatforms) = postSolution
		{5FB437CE-0FCF-4ABE-9104-C61A414C597A}.Debug|Any CPU.ActiveCfg = Debug|Any CPU
		{5FB437CE-0FCF-4ABE-9104-C61A414C597A}.Debug|Any CPU.Build.0 = Debug|Any CPU
		{5FB437CE-0FCF-4ABE-9104-C61A414C597A}.Release|Any CPU.ActiveCfg = Release|Any CPU
		{5FB437CE-0FCF-4ABE-9104-C61A414C597A}.Release|Any CPU.Build.0 = Release|Any CPU
		{83C89216-0C27-4E01-8772-5C138D65B27B}.Debug|Any CPU.ActiveCfg = Debug|Any CPU
		{83C89216-0C27-4E01-8772-5C138D65B27B}.Debug|Any CPU.Build.0 = Debug|Any CPU
		{83C89216-0C27-4E01-8772-5C138D65B27B}.Release|Any CPU.ActiveCfg = Release|Any CPU
		{83C89216-0C27-4E01-8772-5C138D65B27B}.Release|Any CPU.Build.0 = Release|Any CPU
		{93749A6E-CB3E-4C8A-B0DB-AA4476242484}.Debug|Any CPU.ActiveCfg = Debug|Any CPU
		{93749A6E-CB3E-4C8A-B0DB-AA4476242484}.Debug|Any CPU.Build.0 = Debug|Any CPU
		{93749A6E-CB3E-4C8A-B0DB-AA4476242484}.Release|Any CPU.ActiveCfg = Release|Any CPU
		{93749A6E-CB3E-4C8A-B0DB-AA4476242484}.Release|Any CPU.Build.0 = Release|Any CPU
		{CD8AA033-09C2-493B-91A7-6EE3DC35AADF}.Debug|Any CPU.ActiveCfg = Debug|Any CPU
		{CD8AA033-09C2-493B-91A7-6EE3DC35AADF}.Debug|Any CPU.Build.0 = Debug|Any CPU
		{CD8AA033-09C2-493B-91A7-6EE3DC35AADF}.Release|Any CPU.ActiveCfg = Release|Any CPU
		{CD8AA033-09C2-493B-91A7-6EE3DC35AADF}.Release|Any CPU.Build.0 = Release|Any CPU
		{DA77C67D-AAAF-48DD-837E-FE1D52A91D09}.Debug|Any CPU.ActiveCfg = Debug|Any CPU
		{DA77C67D-AAAF-48DD-837E-FE1D52A91D09}.Debug|Any CPU.Build.0 = Debug|Any CPU
		{DA77C67D-AAAF-48DD-837E-FE1D52A91D09}.Release|Any CPU.ActiveCfg = Release|Any CPU
		{DA77C67D-AAAF-48DD-837E-FE1D52A91D09}.Release|Any CPU.Build.0 = Release|Any CPU
		{E14EBF15-D364-4C78-8A80-1CE75A1DD8C8}.Debug|Any CPU.ActiveCfg = Debug|Any CPU
		{E14EBF15-D364-4C78-8A80-1CE75A1DD8C8}.Debug|Any CPU.Build.0 = Debug|Any CPU
		{E14EBF15-D364-4C78-8A80-1CE75A1DD8C8}.Release|Any CPU.ActiveCfg = Release|Any CPU
		{E14EBF15-D364-4C78-8A80-1CE75A1DD8C8}.Release|Any CPU.Build.0 = Release|Any CPU
		{31E958E3-5937-406D-9EF1-E7182DD28041}.Debug|Any CPU.ActiveCfg = Debug|Any CPU
		{31E958E3-5937-406D-9EF1-E7182DD28041}.Debug|Any CPU.Build.0 = Debug|Any CPU
		{31E958E3-5937-406D-9EF1-E7182DD28041}.Release|Any CPU.ActiveCfg = Release|Any CPU
		{31E958E3-5937-406D-9EF1-E7182DD28041}.Release|Any CPU.Build.0 = Release|Any CPU
		{269EF430-FF0D-41C0-845E-26BECA825627}.Debug|Any CPU.ActiveCfg = Debug|Any CPU
		{269EF430-FF0D-41C0-845E-26BECA825627}.Debug|Any CPU.Build.0 = Debug|Any CPU
		{269EF430-FF0D-41C0-845E-26BECA825627}.Release|Any CPU.ActiveCfg = Release|Any CPU
		{269EF430-FF0D-41C0-845E-26BECA825627}.Release|Any CPU.Build.0 = Release|Any CPU
	EndGlobalSection
	GlobalSection(NestedProjects) = preSolution
		{31E958E3-5937-406D-9EF1-E7182DD28041} = {FC8E51D1-9C4E-45C7-ADD3-CA3C05D3FCF7}
		{269EF430-FF0D-41C0-845E-26BECA825627} = {FC8E51D1-9C4E-45C7-ADD3-CA3C05D3FCF7}
		{5FB437CE-0FCF-4ABE-9104-C61A414C597A} = {248FB7A1-3DFA-4DE9-96CE-DD471FEEEC20}
		{93749A6E-CB3E-4C8A-B0DB-AA4476242484} = {248FB7A1-3DFA-4DE9-96CE-DD471FEEEC20}
		{83C89216-0C27-4E01-8772-5C138D65B27B} = {248FB7A1-3DFA-4DE9-96CE-DD471FEEEC20}
		{DA77C67D-AAAF-48DD-837E-FE1D52A91D09} = {248FB7A1-3DFA-4DE9-96CE-DD471FEEEC20}
		{E14EBF15-D364-4C78-8A80-1CE75A1DD8C8} = {248FB7A1-3DFA-4DE9-96CE-DD471FEEEC20}
		{CD8AA033-09C2-493B-91A7-6EE3DC35AADF} = {248FB7A1-3DFA-4DE9-96CE-DD471FEEEC20}
	EndGlobalSection
EndGlobal
